// !$*UTF8*$!
{
	archiveVersion = 1;
	classes = {
	};
	objectVersion = 46;
	objects = {

/* Begin PBXBuildFile section */
		978121B619E213E60036AAD0 /* JieMain.storyboard in Resources */ = {isa = PBXBuildFile; fileRef = 978121B519E213E60036AAD0 /* JieMain.storyboard */; };
		97BCA49619E133F600ACA78B /* AppDelegate.swift in Sources */ = {isa = PBXBuildFile; fileRef = 97BCA49519E133F600ACA78B /* AppDelegate.swift */; };
		97BCA49D19E133F600ACA78B /* Images.xcassets in Resources */ = {isa = PBXBuildFile; fileRef = 97BCA49C19E133F600ACA78B /* Images.xcassets */; };
		97BCA4A919E133F600ACA78B /* JieTableViewTests.swift in Sources */ = {isa = PBXBuildFile; fileRef = 97BCA4A819E133F600ACA78B /* JieTableViewTests.swift */; };
		97BCA4B519E136B600ACA78B /* JieTableViewController.swift in Sources */ = {isa = PBXBuildFile; fileRef = 97BCA4B419E136B600ACA78B /* JieTableViewController.swift */; };
		97BCA4B719E140A200ACA78B /* JieTableViewCell.swift in Sources */ = {isa = PBXBuildFile; fileRef = 97BCA4B619E140A200ACA78B /* JieTableViewCell.swift */; };
		97BCA4B919E141C100ACA78B /* default_img.png in Resources */ = {isa = PBXBuildFile; fileRef = 97BCA4B819E141C100ACA78B /* default_img.png */; };
		97BCA4BB19E1426F00ACA78B /* videos.plist in Resources */ = {isa = PBXBuildFile; fileRef = 97BCA4BA19E1426F00ACA78B /* videos.plist */; };
		97BCA4BD19E168A100ACA78B /* JieDetailViewController.swift in Sources */ = {isa = PBXBuildFile; fileRef = 97BCA4BC19E168A100ACA78B /* JieDetailViewController.swift */; };
/* End PBXBuildFile section */

/* Begin PBXContainerItemProxy section */
		97BCA4A319E133F600ACA78B /* PBXContainerItemProxy */ = {
			isa = PBXContainerItemProxy;
			containerPortal = 97BCA48819E133F600ACA78B /* Project object */;
			proxyType = 1;
			remoteGlobalIDString = 97BCA48F19E133F600ACA78B;
			remoteInfo = JieTableView;
		};
/* End PBXContainerItemProxy section */

/* Begin PBXFileReference section */
		978121B519E213E60036AAD0 /* JieMain.storyboard */ = {isa = PBXFileReference; fileEncoding = 4; lastKnownFileType = file.storyboard; path = JieMain.storyboard; sourceTree = "<group>"; };
		97BCA49019E133F600ACA78B /* JieTableView.app */ = {isa = PBXFileReference; explicitFileType = wrapper.application; includeInIndex = 0; path = JieTableView.app; sourceTree = BUILT_PRODUCTS_DIR; };
		97BCA49419E133F600ACA78B /* Info.plist */ = {isa = PBXFileReference; lastKnownFileType = text.plist.xml; path = Info.plist; sourceTree = "<group>"; };
		97BCA49519E133F600ACA78B /* AppDelegate.swift */ = {isa = PBXFileReference; lastKnownFileType = sourcecode.swift; path = AppDelegate.swift; sourceTree = "<group>"; };
		97BCA49C19E133F600ACA78B /* Images.xcassets */ = {isa = PBXFileReference; lastKnownFileType = folder.assetcatalog; path = Images.xcassets; sourceTree = "<group>"; };
		97BCA4A219E133F600ACA78B /* JieTableViewTests.xctest */ = {isa = PBXFileReference; explicitFileType = wrapper.cfbundle; includeInIndex = 0; path = JieTableViewTests.xctest; sourceTree = BUILT_PRODUCTS_DIR; };
		97BCA4A719E133F600ACA78B /* Info.plist */ = {isa = PBXFileReference; lastKnownFileType = text.plist.xml; path = Info.plist; sourceTree = "<group>"; };
		97BCA4A819E133F600ACA78B /* JieTableViewTests.swift */ = {isa = PBXFileReference; lastKnownFileType = sourcecode.swift; path = JieTableViewTests.swift; sourceTree = "<group>"; };
		97BCA4B419E136B600ACA78B /* JieTableViewController.swift */ = {isa = PBXFileReference; fileEncoding = 4; lastKnownFileType = sourcecode.swift; path = JieTableViewController.swift; sourceTree = "<group>"; };
		97BCA4B619E140A200ACA78B /* JieTableViewCell.swift */ = {isa = PBXFileReference; fileEncoding = 4; lastKnownFileType = sourcecode.swift; path = JieTableViewCell.swift; sourceTree = "<group>"; };
		97BCA4B819E141C100ACA78B /* default_img.png */ = {isa = PBXFileReference; lastKnownFileType = image.png; path = default_img.png; sourceTree = "<group>"; };
		97BCA4BA19E1426F00ACA78B /* videos.plist */ = {isa = PBXFileReference; fileEncoding = 4; lastKnownFileType = text.plist.xml; path = videos.plist; sourceTree = "<group>"; };
		97BCA4BC19E168A100ACA78B /* JieDetailViewController.swift */ = {isa = PBXFileReference; fileEncoding = 4; lastKnownFileType = sourcecode.swift; path = JieDetailViewController.swift; sourceTree = "<group>"; };
/* End PBXFileReference section */

/* Begin PBXFrameworksBuildPhase section */
		97BCA48D19E133F600ACA78B /* Frameworks */ = {
			isa = PBXFrameworksBuildPhase;
			buildActionMask = 2147483647;
			files = (
			);
			runOnlyForDeploymentPostprocessing = 0;
		};
		97BCA49F19E133F600ACA78B /* Frameworks */ = {
			isa = PBXFrameworksBuildPhase;
			buildActionMask = 2147483647;
			files = (
			);
			runOnlyForDeploymentPostprocessing = 0;
		};
/* End PBXFrameworksBuildPhase section */

/* Begin PBXGroup section */
		97BCA48719E133F600ACA78B = {
			isa = PBXGroup;
			children = (
				97BCA49219E133F600ACA78B /* JieTableView */,
				97BCA4A519E133F600ACA78B /* JieTableViewTests */,
				97BCA49119E133F600ACA78B /* Products */,
			);
			sourceTree = "<group>";
		};
		97BCA49119E133F600ACA78B /* Products */ = {
			isa = PBXGroup;
			children = (
				97BCA49019E133F600ACA78B /* JieTableView.app */,
				97BCA4A219E133F600ACA78B /* JieTableViewTests.xctest */,
			);
			name = Products;
			sourceTree = "<group>";
		};
		97BCA49219E133F600ACA78B /* JieTableView */ = {
			isa = PBXGroup;
			children = (
				978121B519E213E60036AAD0 /* JieMain.storyboard */,
				97BCA49519E133F600ACA78B /* AppDelegate.swift */,
				97BCA4B419E136B600ACA78B /* JieTableViewController.swift */,
				97BCA4B619E140A200ACA78B /* JieTableViewCell.swift */,
				97BCA4BC19E168A100ACA78B /* JieDetailViewController.swift */,
				97BCA49C19E133F600ACA78B /* Images.xcassets */,
				97BCA49319E133F600ACA78B /* Supporting Files */,
			);
			path = JieTableView;
			sourceTree = "<group>";
		};
		97BCA49319E133F600ACA78B /* Supporting Files */ = {
			isa = PBXGroup;
			children = (
				97BCA4B819E141C100ACA78B /* default_img.png */,
				97BCA49419E133F600ACA78B /* Info.plist */,
				97BCA4BA19E1426F00ACA78B /* videos.plist */,
			);
			name = "Supporting Files";
			sourceTree = "<group>";
		};
		97BCA4A519E133F600ACA78B /* JieTableViewTests */ = {
			isa = PBXGroup;
			children = (
				97BCA4A819E133F600ACA78B /* JieTableViewTests.swift */,
				97BCA4A619E133F600ACA78B /* Supporting Files */,
			);
			path = JieTableViewTests;
			sourceTree = "<group>";
		};
		97BCA4A619E133F600ACA78B /* Supporting Files */ = {
			isa = PBXGroup;
			children = (
				97BCA4A719E133F600ACA78B /* Info.plist */,
			);
			name = "Supporting Files";
			sourceTree = "<group>";
		};
/* End PBXGroup section */

/* Begin PBXNativeTarget section */
		97BCA48F19E133F600ACA78B /* JieTableView */ = {
			isa = PBXNativeTarget;
			buildConfigurationList = 97BCA4AC19E133F600ACA78B /* Build configuration list for PBXNativeTarget "JieTableView" */;
			buildPhases = (
				97BCA48C19E133F600ACA78B /* Sources */,
				97BCA48D19E133F600ACA78B /* Frameworks */,
				97BCA48E19E133F600ACA78B /* Resources */,
			);
			buildRules = (
			);
			dependencies = (
			);
			name = JieTableView;
			productName = JieTableView;
			productReference = 97BCA49019E133F600ACA78B /* JieTableView.app */;
			productType = "com.apple.product-type.application";
		};
		97BCA4A119E133F600ACA78B /* JieTableViewTests */ = {
			isa = PBXNativeTarget;
			buildConfigurationList = 97BCA4AF19E133F600ACA78B /* Build configuration list for PBXNativeTarget "JieTableViewTests" */;
			buildPhases = (
				97BCA49E19E133F600ACA78B /* Sources */,
				97BCA49F19E133F600ACA78B /* Frameworks */,
				97BCA4A019E133F600ACA78B /* Resources */,
			);
			buildRules = (
			);
			dependencies = (
				97BCA4A419E133F600ACA78B /* PBXTargetDependency */,
			);
			name = JieTableViewTests;
			productName = JieTableViewTests;
			productReference = 97BCA4A219E133F600ACA78B /* JieTableViewTests.xctest */;
			productType = "com.apple.product-type.bundle.unit-test";
		};
/* End PBXNativeTarget section */

/* Begin PBXProject section */
		97BCA48819E133F600ACA78B /* Project object */ = {
			isa = PBXProject;
			attributes = {
				LastUpgradeCheck = 0600;
				ORGANIZATIONNAME = jiezhang;
				TargetAttributes = {
					97BCA48F19E133F600ACA78B = {
						CreatedOnToolsVersion = 6.0;
					};
					97BCA4A119E133F600ACA78B = {
						CreatedOnToolsVersion = 6.0;
						TestTargetID = 97BCA48F19E133F600ACA78B;
					};
				};
			};
			buildConfigurationList = 97BCA48B19E133F600ACA78B /* Build configuration list for PBXProject "JieTableView" */;
			compatibilityVersion = "Xcode 3.2";
			developmentRegion = English;
			hasScannedForEncodings = 0;
			knownRegions = (
				en,
				Base,
			);
			mainGroup = 97BCA48719E133F600ACA78B;
			productRefGroup = 97BCA49119E133F600ACA78B /* Products */;
			projectDirPath = "";
			projectRoot = "";
			targets = (
				97BCA48F19E133F600ACA78B /* JieTableView */,
				97BCA4A119E133F600ACA78B /* JieTableViewTests */,
			);
		};
/* End PBXProject section */

/* Begin PBXResourcesBuildPhase section */
		97BCA48E19E133F600ACA78B /* Resources */ = {
			isa = PBXResourcesBuildPhase;
			buildActionMask = 2147483647;
			files = (
				97BCA4BB19E1426F00ACA78B /* videos.plist in Resources */,
				97BCA49D19E133F600ACA78B /* Images.xcassets in Resources */,
				97BCA4B919E141C100ACA78B /* default_img.png in Resources */,
				978121B619E213E60036AAD0 /* JieMain.storyboard in Resources */,
			);
			runOnlyForDeploymentPostprocessing = 0;
		};
		97BCA4A019E133F600ACA78B /* Resources */ = {
			isa = PBXResourcesBuildPhase;
			buildActionMask = 2147483647;
			files = (
			);
			runOnlyForDeploymentPostprocessing = 0;
		};
/* End PBXResourcesBuildPhase section */

/* Begin PBXSourcesBuildPhase section */
		97BCA48C19E133F600ACA78B /* Sources */ = {
			isa = PBXSourcesBuildPhase;
			buildActionMask = 2147483647;
			files = (
				97BCA4B519E136B600ACA78B /* JieTableViewController.swift in Sources */,
				97BCA49619E133F600ACA78B /* AppDelegate.swift in Sources */,
				97BCA4BD19E168A100ACA78B /* JieDetailViewController.swift in Sources */,
				97BCA4B719E140A200ACA78B /* JieTableViewCell.swift in Sources */,
			);
			runOnlyForDeploymentPostprocessing = 0;
		};
		97BCA49E19E133F600ACA78B /* Sources */ = {
			isa = PBXSourcesBuildPhase;
			buildActionMask = 2147483647;
			files = (
				97BCA4A919E133F600ACA78B /* JieTableViewTests.swift in Sources */,
			);
			runOnlyForDeploymentPostprocessing = 0;
		};
/* End PBXSourcesBuildPhase section */

/* Begin PBXTargetDependency section */
		97BCA4A419E133F600ACA78B /* PBXTargetDependency */ = {
			isa = PBXTargetDependency;
			target = 97BCA48F19E133F600ACA78B /* JieTableView */;
			targetProxy = 97BCA4A319E133F600ACA78B /* PBXContainerItemProxy */;
		};
/* End PBXTargetDependency section */

/* Begin XCBuildConfiguration section */
		97BCA4AA19E133F600ACA78B /* Debug */ = {
			isa = XCBuildConfiguration;
			buildSettings = {
				ALWAYS_SEARCH_USER_PATHS = NO;
				CLANG_CXX_LANGUAGE_STANDARD = "gnu++0x";
				CLANG_CXX_LIBRARY = "libc++";
				CLANG_ENABLE_MODULES = YES;
				CLANG_ENABLE_OBJC_ARC = YES;
				CLANG_WARN_BOOL_CONVERSION = YES;
				CLANG_WARN_CONSTANT_CONVERSION = YES;
				CLANG_WARN_DIRECT_OBJC_ISA_USAGE = YES_ERROR;
				CLANG_WARN_EMPTY_BODY = YES;
				CLANG_WARN_ENUM_CONVERSION = YES;
				CLANG_WARN_INT_CONVERSION = YES;
				CLANG_WARN_OBJC_ROOT_CLASS = YES_ERROR;
				CLANG_WARN_UNREACHABLE_CODE = YES;
				CLANG_WARN__DUPLICATE_METHOD_MATCH = YES;
				"CODE_SIGN_IDENTITY[sdk=iphoneos*]" = "iPhone Developer";
				COPY_PHASE_STRIP = NO;
				ENABLE_STRICT_OBJC_MSGSEND = YES;
				GCC_C_LANGUAGE_STANDARD = gnu99;
				GCC_DYNAMIC_NO_PIC = NO;
				GCC_OPTIMIZATION_LEVEL = 0;
				GCC_PREPROCESSOR_DEFINITIONS = (
					"DEBUG=1",
					"$(inherited)",
				);
				GCC_SYMBOLS_PRIVATE_EXTERN = NO;
				GCC_WARN_64_TO_32_BIT_CONVERSION = YES;
				GCC_WARN_ABOUT_RETURN_TYPE = YES_ERROR;
				GCC_WARN_UNDECLARED_SELECTOR = YES;
				GCC_WARN_UNINITIALIZED_AUTOS = YES_AGGRESSIVE;
				GCC_WARN_UNUSED_FUNCTION = YES;
				GCC_WARN_UNUSED_VARIABLE = YES;
				IPHONEOS_DEPLOYMENT_TARGET = 8.0;
				MTL_ENABLE_DEBUG_INFO = YES;
				ONLY_ACTIVE_ARCH = YES;
				SDKROOT = iphoneos;
				SWIFT_OPTIMIZATION_LEVEL = "-Onone";
			};
			name = Debug;
		};
		97BCA4AB19E133F600ACA78B /* Release */ = {
			isa = XCBuildConfiguration;
			buildSettings = {
				ALWAYS_SEARCH_USER_PATHS = NO;
				CLANG_CXX_LANGUAGE_STANDARD = "gnu++0x";
				CLANG_CXX_LIBRARY = "libc++";
				CLANG_ENABLE_MODULES = YES;
				CLANG_ENABLE_OBJC_ARC = YES;
				CLANG_WARN_BOOL_CONVERSION = YES;
				CLANG_WARN_CONSTANT_CONVERSION = YES;
				CLANG_WARN_DIRECT_OBJC_ISA_USAGE = YES_ERROR;
				CLANG_WARN_EMPTY_BODY = YES;
				CLANG_WARN_ENUM_CONVERSION = YES;
				CLANG_WARN_INT_CONVERSION = YES;
				CLANG_WARN_OBJC_ROOT_CLASS = YES_ERROR;
				CLANG_WARN_UNREACHABLE_CODE = YES;
				CLANG_WARN__DUPLICATE_METHOD_MATCH = YES;
				"CODE_SIGN_IDENTITY[sdk=iphoneos*]" = "iPhone Developer";
				COPY_PHASE_STRIP = YES;
				ENABLE_NS_ASSERTIONS = NO;
				ENABLE_STRICT_OBJC_MSGSEND = YES;
				GCC_C_LANGUAGE_STANDARD = gnu99;
				GCC_WARN_64_TO_32_BIT_CONVERSION = YES;
				GCC_WARN_ABOUT_RETURN_TYPE = YES_ERROR;
				GCC_WARN_UNDECLARED_SELECTOR = YES;
				GCC_WARN_UNINITIALIZED_AUTOS = YES_AGGRESSIVE;
				GCC_WARN_UNUSED_FUNCTION = YES;
				GCC_WARN_UNUSED_VARIABLE = YES;
				IPHONEOS_DEPLOYMENT_TARGET = 8.0;
				MTL_ENABLE_DEBUG_INFO = NO;
				SDKROOT = iphoneos;
				VALIDATE_PRODUCT = YES;
			};
			name = Release;
		};
		97BCA4AD19E133F600ACA78B /* Debug */ = {
			isa = XCBuildConfiguration;
			buildSettings = {
				ASSETCATALOG_COMPILER_APPICON_NAME = AppIcon;
				ASSETCATALOG_COMPILER_LAUNCHIMAGE_NAME = LaunchImage;
				INFOPLIST_FILE = JieTableView/Info.plist;
				LD_RUNPATH_SEARCH_PATHS = "$(inherited) @executable_path/Frameworks";
				PRODUCT_NAME = "$(TARGET_NAME)";
			};
			name = Debug;
		};
		97BCA4AE19E133F600ACA78B /* Release */ = {
			isa = XCBuildConfiguration;
			buildSettings = {
				ASSETCATALOG_COMPILER_APPICON_NAME = AppIcon;
				ASSETCATALOG_COMPILER_LAUNCHIMAGE_NAME = LaunchImage;
				INFOPLIST_FILE = JieTableView/Info.plist;
				LD_RUNPATH_SEARCH_PATHS = "$(inherited) @executable_path/Frameworks";
				PRODUCT_NAME = "$(TARGET_NAME)";
			};
			name = Release;
		};
		97BCA4B019E133F600ACA78B /* Debug */ = {
			isa = XCBuildConfiguration;
			buildSettings = {
				BUNDLE_LOADER = "$(TEST_HOST)";
				FRAMEWORK_SEARCH_PATHS = (
					"$(SDKROOT)/Developer/Library/Frameworks",
					"$(inherited)",
				);
				GCC_PREPROCESSOR_DEFINITIONS = (
					"DEBUG=1",
					"$(inherited)",
				);
				INFOPLIST_FILE = JieTableViewTests/Info.plist;
				LD_RUNPATH_SEARCH_PATHS = "$(inherited) @executable_path/Frameworks @loader_path/Frameworks";
				PRODUCT_NAME = "$(TARGET_NAME)";
				TEST_HOST = "$(BUILT_PRODUCTS_DIR)/JieTableView.app/JieTableView";
			};
			name = Debug;
		};
		97BCA4B119E133F600ACA78B /* Release */ = {
			isa = XCBuildConfiguration;
			buildSettings = {
				BUNDLE_LOADER = "$(TEST_HOST)";
				FRAMEWORK_SEARCH_PATHS = (
					"$(SDKROOT)/Developer/Library/Frameworks",
					"$(inherited)",
				);
				INFOPLIST_FILE = JieTableViewTests/Info.plist;
				LD_RUNPATH_SEARCH_PATHS = "$(inherited) @executable_path/Frameworks @loader_path/Frameworks";
				PRODUCT_NAME = "$(TARGET_NAME)";
				TEST_HOST = "$(BUILT_PRODUCTS_DIR)/JieTableView.app/JieTableView";
			};
			name = Release;
		};
/* End XCBuildConfiguration section */

/* Begin XCConfigurationList section */
		97BCA48B19E133F600ACA78B /* Build configuration list for PBXProject "JieTableView" */ = {
			isa = XCConfigurationList;
			buildConfigurations = (
				97BCA4AA19E133F600ACA78B /* Debug */,
				97BCA4AB19E133F600ACA78B /* Release */,
			);
			defaultConfigurationIsVisible = 0;
			defaultConfigurationName = Release;
		};
		97BCA4AC19E133F600ACA78B /* Build configuration list for PBXNativeTarget "JieTableView" */ = {
			isa = XCConfigurationList;
			buildConfigurations = (
				97BCA4AD19E133F600ACA78B /* Debug */,
				97BCA4AE19E133F600ACA78B /* Release */,
			);
			defaultConfigurationIsVisible = 0;
			defaultConfigurationName = Release;
		};
		97BCA4AF19E133F600ACA78B /* Build configuration list for PBXNativeTarget "JieTableViewTests" */ = {
			isa = XCConfigurationList;
			buildConfigurations = (
				97BCA4B019E133F600ACA78B /* Debug */,
				97BCA4B119E133F600ACA78B /* Release */,
			);
			defaultConfigurationIsVisible = 0;
			defaultConfigurationName = Release;
		};
/* End XCConfigurationList section */
	};
	rootObject = 97BCA48819E133F600ACA78B /* Project object */;
}
